
Microsoft Visual Studio Solution File, Format Version 12.00
# Visual Studio 2012
Project("{FAE04EC0-301F-11D3-BF4B-00C04F79EFBC}") = "GoogleCalendarTest.Web", "GoogleCalendarTest.Web\GoogleCalendarTest.Web.csproj", "{2DB90FA3-2CA8-4497-BC5A-6F9493BF25EB}"
EndProject
Global
	GlobalSection(SolutionConfigurationPlatforms) = preSolution
		Debug|Any CPU = Debug|Any CPU
		Release|Any CPU = Release|Any CPU
	EndGlobalSection
	GlobalSection(ProjectConfigurationPlatforms) = postSolution
		{2DB90FA3-2CA8-4497-BC5A-6F9493BF25EB}.Debug|Any CPU.ActiveCfg = Debug|Any CPU
		{2DB90FA3-2CA8-4497-BC5A-6F9493BF25EB}.Debug|Any CPU.Build.0 = Debug|Any CPU
		{2DB90FA3-2CA8-4497-BC5A-6F9493BF25EB}.Release|Any CPU.ActiveCfg = Release|Any CPU
		{2DB90FA3-2CA8-4497-BC5A-6F9493BF25EB}.Release|Any CPU.Build.0 = Release|Any CPU
	EndGlobalSection
	GlobalSection(SolutionProperties) = preSolution
		HideSolutionNode = FALSE
	EndGlobalSection
EndGlobal
